
Microsoft Visual Studio Solution File, Format Version 12.00
# Visual Studio 14
VisualStudioVersion = 14.0.24720.0
MinimumVisualStudioVersion = 10.0.40219.1
Project("{FAE04EC0-301F-11D3-BF4B-00C04F79EFBC}") = "ConsoleApplication1", "ConsoleApplication1\ConsoleApplication1.csproj", "{BA4DF754-7D0A-46DC-972A-FB7C040D7EC6}"
EndProject
Global
	GlobalSection(SolutionConfigurationPlatforms) = preSolution
		Debug|Any CPU = Debug|Any CPU
		Release|Any CPU = Release|Any CPU
	EndGlobalSection
	GlobalSection(ProjectConfigurationPlatforms) = postSolution
		{BA4DF754-7D0A-46DC-972A-FB7C040D7EC6}.Debug|Any CPU.ActiveCfg = Debug|Any CPU
		{BA4DF754-7D0A-46DC-972A-FB7C040D7EC6}.Debug|Any CPU.Build.0 = Debug|Any CPU
		{BA4DF754-7D0A-46DC-972A-FB7C040D7EC6}.Release|Any CPU.ActiveCfg = Release|Any CPU
		{BA4DF754-7D0A-46DC-972A-FB7C040D7EC6}.Release|Any CPU.Build.0 = Release|Any CPU
	EndGlobalSection
	GlobalSection(SolutionProperties) = preSolution
		HideSolutionNode = FALSE
	EndGlobalSection
EndGlobal
